<?xml version="1.0" encoding="utf-8"?>
<Project ToolsVersion="4.0" xmlns="http://schemas.microsoft.com/developer/msbuild/2003">
  <ItemGroup>
    <Filter Include="Source Files">
      <UniqueIdentifier>{4FC737F1-C7A5-4376-A066-2A32D752A2FF}</UniqueIdentifier>
      <Extensions>cpp;c;cc;cxx;def;odl;idl;hpj;bat;asm;asmx</Extensions>
    </Filter>
    <Filter Include="Header Files">
      <UniqueIdentifier>{93995380-89BD-4b04-88EB-625FBE52EBFB}</UniqueIdentifier>
      <Extensions>h;hh;hpp;hxx;hm;inl;inc;ipp;xsd</Extensions>
    </Filter>
    <Filter Include="Resource Files">
      <UniqueIdentifier>{67DA6AB6-F800-4c08-8B7A-83BB121AAD01}</UniqueIdentifier>
      <Extensions>rc;ico;cur;bmp;dlg;rc2;rct;bin;rgs;gif;jpg;jpeg;jpe;resx;tiff;tif;png;wav;mfcribbon-ms</Extensions>
    </Filter>
  </ItemGroup>
  <ItemGroup>
    <ClInclude Include="pch.h">
      <Filter>Header Files</Filter>
    </ClInclude>
    <ClInclude Include="FygarFireComponent.h">
      <Filter>Header Files</Filter>
    </ClInclude>
    <ClInclude Include="DigDugEnemyComponent.h">
      <Filter>Header Files</Filter>
    </ClInclude>
    <ClInclude Include="DigDugLevelComponent.h">
      <Filter>Header Files</Filter>
    </ClInclude>
    <ClInclude Include="DigDugPlayerComponent.h">
      <Filter>Header Files</Filter>
    </ClInclude>
    <ClInclude Include="DigDugPlayerStates.h">
      <Filter>Header Files</Filter>
    </ClInclude>
    <ClInclude Include="DigDugPrefabs.h">
      <Filter>Header Files</Filter>
    </ClInclude>
    <ClInclude Include="FygarComponent.h">
      <Filter>Header Files</Filter>
    </ClInclude>
    <ClInclude Include="PookaComponent.h">
      <Filter>Header Files</Filter>
    </ClInclude>
    <ClInclude Include="PumpComponent.h">
      <Filter>Header Files</Filter>
    </ClInclude>
    <ClInclude Include="RockComponent.h">
      <Filter>Header Files</Filter>
    </ClInclude>
    <ClInclude Include="DigDugGame.h">
      <Filter>Header Files</Filter>
    </ClInclude>
    <ClInclude Include="LivesComponent.h">
      <Filter>Header Files</Filter>
    </ClInclude>
    <ClInclude Include="LivesDisplayComponent.h">
      <Filter>Header Files</Filter>
    </ClInclude>
    <ClInclude Include="ScoreComponent.h">
      <Filter>Header Files</Filter>
    </ClInclude>
    <ClInclude Include="DigDugLevelEditScene.h">
      <Filter>Header Files</Filter>
    </ClInclude>
    <ClInclude Include="DigDug1PlayerScene.h">
      <Filter>Header Files</Filter>
    </ClInclude>
    <ClInclude Include="SPModeComponent.h">
      <Filter>Header Files</Filter>
    </ClInclude>
    <ClInclude Include="DigDug2PlayerScene.h">
      <Filter>Header Files</Filter>
    </ClInclude>
    <ClInclude Include="DigDugVersusScene.h">
      <Filter>Header Files</Filter>
    </ClInclude>
    <ClInclude Include="VSModeComponent.h">
      <Filter>Header Files</Filter>
    </ClInclude>
    <ClInclude Include="EnemyAI.h">
      <Filter>Header Files</Filter>
    </ClInclude>
    <ClInclude Include="GameSelectScene.h">
      <Filter>Header Files</Filter>
    </ClInclude>
  </ItemGroup>
  <ItemGroup>
    <ClCompile Include="pch.cpp">
      <Filter>Source Files</Filter>
    </ClCompile>
    <ClCompile Include="DigDugEnemyComponent.cpp">
      <Filter>Source Files</Filter>
    </ClCompile>
    <ClCompile Include="DigDugLevelComponent.cpp">
      <Filter>Source Files</Filter>
    </ClCompile>
    <ClCompile Include="DigDugPlayerComponent.cpp">
      <Filter>Source Files</Filter>
    </ClCompile>
    <ClCompile Include="DigDugPlayerStates.cpp">
      <Filter>Source Files</Filter>
    </ClCompile>
    <ClCompile Include="DigDugPrefabs.cpp">
      <Filter>Source Files</Filter>
    </ClCompile>
    <ClCompile Include="FygarComponent.cpp">
      <Filter>Source Files</Filter>
    </ClCompile>
    <ClCompile Include="FygarFireComponent.cpp">
      <Filter>Source Files</Filter>
    </ClCompile>
    <ClCompile Include="PumpComponent.cpp">
      <Filter>Source Files</Filter>
    </ClCompile>
    <ClCompile Include="RockComponent.cpp">
      <Filter>Source Files</Filter>
    </ClCompile>
    <ClCompile Include="DigDugGame.cpp">
      <Filter>Source Files</Filter>
    </ClCompile>
    <ClCompile Include="main.cpp">
      <Filter>Source Files</Filter>
    </ClCompile>
    <ClCompile Include="LivesComponent.cpp">
      <Filter>Source Files</Filter>
    </ClCompile>
    <ClCompile Include="LivesDisplayComponent.cpp">
      <Filter>Source Files</Filter>
    </ClCompile>
    <ClCompile Include="ScoreComponent.cpp">
      <Filter>Source Files</Filter>
    </ClCompile>
    <ClCompile Include="DigDugLevelEditScene.cpp">
      <Filter>Source Files</Filter>
    </ClCompile>
    <ClCompile Include="DigDug1PlayerScene.cpp">
      <Filter>Source Files</Filter>
    </ClCompile>
    <ClCompile Include="SPModeComponent.cpp">
      <Filter>Source Files</Filter>
    </ClCompile>
    <ClCompile Include="DigDug2PlayerScene.cpp">
      <Filter>Source Files</Filter>
    </ClCompile>
    <ClCompile Include="DigDugVersusScene.cpp">
      <Filter>Source Files</Filter>
    </ClCompile>
    <ClCompile Include="VSModeComponent.cpp">
      <Filter>Source Files</Filter>
    </ClCompile>
    <ClCompile Include="EnemyAI.cpp">
      <Filter>Source Files</Filter>
    </ClCompile>
    <ClCompile Include="GameSelectScene.cpp">
      <Filter>Source Files</Filter>
    </ClCompile>
  </ItemGroup>
</Project>