<?xml version="1.0" encoding="utf-8"?>
<Project ToolsVersion="4.0" xmlns="http://schemas.microsoft.com/developer/msbuild/2003">
  <ItemGroup>
    <Filter Include="Components">
      <UniqueIdentifier>{3da53e6f-7798-43f5-8bd5-524ed2b4acca}</UniqueIdentifier>
    </Filter>
    <Filter Include="Base">
      <UniqueIdentifier>{93995380-89BD-4b04-88EB-625FBE52EBFB}</UniqueIdentifier>
      <Extensions>h;hh;hpp;hxx;hm;inl;inc;xsd</Extensions>
    </Filter>
  </ItemGroup>
  <ItemGroup>
    <ClInclude Include="targetver.h">
      <Filter>Base</Filter>
    </ClInclude>
    <ClInclude Include="MiniginPCH.h">
      <Filter>Base</Filter>
    </ClInclude>
    <ClInclude Include="Log.h">
      <Filter>Base</Filter>
    </ClInclude>
    <ClInclude Include="Singleton.h">
      <Filter>Base</Filter>
    </ClInclude>
    <ClInclude Include="ResourceManager.h">
      <Filter>Base</Filter>
    </ClInclude>
    <ClInclude Include="Renderer.h">
      <Filter>Base</Filter>
    </ClInclude>
    <ClInclude Include="Texture2D.h">
      <Filter>Base</Filter>
    </ClInclude>
    <ClInclude Include="InputManager.h">
      <Filter>Base</Filter>
    </ClInclude>
    <ClInclude Include="GameObject.h">
      <Filter>Base</Filter>
    </ClInclude>
    <ClInclude Include="Scene.h">
      <Filter>Base</Filter>
    </ClInclude>
    <ClInclude Include="SceneManager.h">
      <Filter>Base</Filter>
    </ClInclude>
    <ClInclude Include="Font.h">
      <Filter>Base</Filter>
    </ClInclude>
    <ClInclude Include="Transform.h">
      <Filter>Base</Filter>
    </ClInclude>
    <ClInclude Include="Structs.h">
      <Filter>Base</Filter>
    </ClInclude>
    <ClInclude Include="IState.h">
      <Filter>Base</Filter>
    </ClInclude>
    <ClInclude Include="IBehavior.h">
      <Filter>Base</Filter>
    </ClInclude>
    <ClInclude Include="Sprite.h">
      <Filter>Base</Filter>
    </ClInclude>
    <ClInclude Include="Shapes.h">
      <Filter>Base</Filter>
    </ClInclude>
    <ClInclude Include="PlayerController.h">
      <Filter>Base</Filter>
    </ClInclude>
    <ClInclude Include="CollisionSystem.h">
      <Filter>Base</Filter>
    </ClInclude>
    <ClInclude Include="Tile.h">
      <Filter>Base</Filter>
    </ClInclude>
    <ClInclude Include="Grid.h">
      <Filter>Base</Filter>
    </ClInclude>
    <ClInclude Include="FiniteStateMachine.h">
      <Filter>Base</Filter>
    </ClInclude>
    <ClInclude Include="AIController.h">
      <Filter>Base</Filter>
    </ClInclude>
    <ClInclude Include="AISystem.h">
      <Filter>Base</Filter>
    </ClInclude>
    <ClInclude Include="BaseCommand.h">
      <Filter>Components</Filter>
    </ClInclude>
    <ClInclude Include="BaseComponent.h">
      <Filter>Components</Filter>
    </ClInclude>
    <ClInclude Include="ColliderComponent.h">
      <Filter>Components</Filter>
    </ClInclude>
    <ClInclude Include="TransformComponent.h">
      <Filter>Components</Filter>
    </ClInclude>
    <ClInclude Include="TextureComponent.h">
      <Filter>Components</Filter>
    </ClInclude>
    <ClInclude Include="TextComponent.h">
      <Filter>Components</Filter>
    </ClInclude>
    <ClInclude Include="SubjectComponent.h">
      <Filter>Components</Filter>
    </ClInclude>
    <ClInclude Include="SpriteComponent.h">
      <Filter>Components</Filter>
    </ClInclude>
    <ClInclude Include="ObserverComponent.h">
      <Filter>Components</Filter>
    </ClInclude>
    <ClInclude Include="FPSComponent.h">
      <Filter>Components</Filter>
    </ClInclude>
    <ClInclude Include="Minigin.h">
      <Filter>Base</Filter>
    </ClInclude>
  </ItemGroup>
  <ItemGroup>
    <ClCompile Include="ColliderComponent.cpp">
      <Filter>Components</Filter>
    </ClCompile>
    <ClCompile Include="FPSComponent.cpp">
      <Filter>Components</Filter>
    </ClCompile>
    <ClCompile Include="SpriteComponent.cpp">
      <Filter>Components</Filter>
    </ClCompile>
    <ClCompile Include="SubjectComponent.cpp">
      <Filter>Components</Filter>
    </ClCompile>
    <ClCompile Include="TextComponent.cpp">
      <Filter>Components</Filter>
    </ClCompile>
    <ClCompile Include="TextureComponent.cpp">
      <Filter>Components</Filter>
    </ClCompile>
    <ClCompile Include="TransformComponent.cpp">
      <Filter>Components</Filter>
    </ClCompile>
    <ClCompile Include="AISystem.cpp">
      <Filter>Base</Filter>
    </ClCompile>
    <ClCompile Include="CollisionSystem.cpp">
      <Filter>Base</Filter>
    </ClCompile>
    <ClCompile Include="Font.cpp">
      <Filter>Base</Filter>
    </ClCompile>
    <ClCompile Include="FiniteStateMachine.cpp">
      <Filter>Base</Filter>
    </ClCompile>
    <ClCompile Include="GameObject.cpp">
      <Filter>Base</Filter>
    </ClCompile>
    <ClCompile Include="Grid.cpp">
      <Filter>Base</Filter>
    </ClCompile>
    <ClCompile Include="InputManager.cpp">
      <Filter>Base</Filter>
    </ClCompile>
    <ClCompile Include="Log.cpp">
      <Filter>Base</Filter>
    </ClCompile>
    <ClCompile Include="MiniginPCH.cpp">
      <Filter>Base</Filter>
    </ClCompile>
    <ClCompile Include="PlayerController.cpp">
      <Filter>Base</Filter>
    </ClCompile>
    <ClCompile Include="Renderer.cpp">
      <Filter>Base</Filter>
    </ClCompile>
    <ClCompile Include="ResourceManager.cpp">
      <Filter>Base</Filter>
    </ClCompile>
    <ClCompile Include="Scene.cpp">
      <Filter>Base</Filter>
    </ClCompile>
    <ClCompile Include="SceneManager.cpp">
      <Filter>Base</Filter>
    </ClCompile>
    <ClCompile Include="Texture2D.cpp">
      <Filter>Base</Filter>
    </ClCompile>
    <ClCompile Include="Tile.cpp">
      <Filter>Base</Filter>
    </ClCompile>
    <ClCompile Include="Minigin.cpp" />
  </ItemGroup>
</Project>